
Microsoft Visual Studio Solution File, Format Version 12.00
# Visual Studio Version 16
VisualStudioVersion = 16.0.31624.102
MinimumVisualStudioVersion = 10.0.40219.1
Project("{8BC9CEB8-8B4A-11D0-8D11-00A0C91BC942}") = "Task1", "Task1\Task1.vcxproj", "{68221BD1-D70C-4793-A669-0D6526ECA5B4}"
EndProject
Project("{8BC9CEB8-8B4A-11D0-8D11-00A0C91BC942}") = "Task2", "Task2\Task2.vcxproj", "{E361AB8E-49CA-4D9C-8465-F3FE24AB9085}"
EndProject
Project("{8BC9CEB8-8B4A-11D0-8D11-00A0C91BC942}") = "Task3", "Task3\Task3.vcxproj", "{AD2059DC-89F6-49BC-A3B1-53845A2255CC}"
EndProject
Project("{8BC9CEB8-8B4A-11D0-8D11-00A0C91BC942}") = "Task4", "Task4\Task4.vcxproj", "{7D602F49-CF54-4998-965B-87887810BD0F}"
EndProject
Project("{8BC9CEB8-8B4A-11D0-8D11-00A0C91BC942}") = "Task5", "Task5\Task5.vcxproj", "{40CAEA17-7253-4FBF-B3F4-1C962F011E1B}"
EndProject
Project("{8BC9CEB8-8B4A-11D0-8D11-00A0C91BC942}") = "Task6", "Task6\Task6.vcxproj", "{46F613A8-05A5-403E-B049-EEC2176468EA}"
EndProject
Project("{8BC9CEB8-8B4A-11D0-8D11-00A0C91BC942}") = "Task7", "Task7\Task7.vcxproj", "{D109EDE8-9DF3-44BE-8B5E-8D30FA30CB88}"
EndProject
Project("{8BC9CEB8-8B4A-11D0-8D11-00A0C91BC942}") = "Task8", "Task8\Task8.vcxproj", "{EFFC8F3C-3AAA-433F-A89E-36A036FEF1AA}"
EndProject
Project("{8BC9CEB8-8B4A-11D0-8D11-00A0C91BC942}") = "Task9", "Task9\Task9.vcxproj", "{31C88151-E910-4B08-9531-C3A039FB865C}"
EndProject
Project("{8BC9CEB8-8B4A-11D0-8D11-00A0C91BC942}") = "Task1(part 2)", "Task1(part 2)\Task1(part 2).vcxproj", "{36D5A35C-752A-46D3-8420-02CC5863E9A4}"
EndProject
Global
	GlobalSection(SolutionConfigurationPlatforms) = preSolution
		Debug|x64 = Debug|x64
		Debug|x86 = Debug|x86
		Release|x64 = Release|x64
		Release|x86 = Release|x86
	EndGlobalSection
	GlobalSection(ProjectConfigurationPlatforms) = postSolution
		{68221BD1-D70C-4793-A669-0D6526ECA5B4}.Debug|x64.ActiveCfg = Debug|x64
		{68221BD1-D70C-4793-A669-0D6526ECA5B4}.Debug|x64.Build.0 = Debug|x64
		{68221BD1-D70C-4793-A669-0D6526ECA5B4}.Debug|x86.ActiveCfg = Debug|Win32
		{68221BD1-D70C-4793-A669-0D6526ECA5B4}.Debug|x86.Build.0 = Debug|Win32
		{68221BD1-D70C-4793-A669-0D6526ECA5B4}.Release|x64.ActiveCfg = Release|x64
		{68221BD1-D70C-4793-A669-0D6526ECA5B4}.Release|x64.Build.0 = Release|x64
		{68221BD1-D70C-4793-A669-0D6526ECA5B4}.Release|x86.ActiveCfg = Release|Win32
		{68221BD1-D70C-4793-A669-0D6526ECA5B4}.Release|x86.Build.0 = Release|Win32
		{E361AB8E-49CA-4D9C-8465-F3FE24AB9085}.Debug|x64.ActiveCfg = Debug|x64
		{E361AB8E-49CA-4D9C-8465-F3FE24AB9085}.Debug|x64.Build.0 = Debug|x64
		{E361AB8E-49CA-4D9C-8465-F3FE24AB9085}.Debug|x86.ActiveCfg = Debug|Win32
		{E361AB8E-49CA-4D9C-8465-F3FE24AB9085}.Debug|x86.Build.0 = Debug|Win32
		{E361AB8E-49CA-4D9C-8465-F3FE24AB9085}.Release|x64.ActiveCfg = Release|x64
		{E361AB8E-49CA-4D9C-8465-F3FE24AB9085}.Release|x64.Build.0 = Release|x64
		{E361AB8E-49CA-4D9C-8465-F3FE24AB9085}.Release|x86.ActiveCfg = Release|Win32
		{E361AB8E-49CA-4D9C-8465-F3FE24AB9085}.Release|x86.Build.0 = Release|Win32
		{AD2059DC-89F6-49BC-A3B1-53845A2255CC}.Debug|x64.ActiveCfg = Debug|x64
		{AD2059DC-89F6-49BC-A3B1-53845A2255CC}.Debug|x64.Build.0 = Debug|x64
		{AD2059DC-89F6-49BC-A3B1-53845A2255CC}.Debug|x86.ActiveCfg = Debug|Win32
		{AD2059DC-89F6-49BC-A3B1-53845A2255CC}.Debug|x86.Build.0 = Debug|Win32
		{AD2059DC-89F6-49BC-A3B1-53845A2255CC}.Release|x64.ActiveCfg = Release|x64
		{AD2059DC-89F6-49BC-A3B1-53845A2255CC}.Release|x64.Build.0 = Release|x64
		{AD2059DC-89F6-49BC-A3B1-53845A2255CC}.Release|x86.ActiveCfg = Release|Win32
		{AD2059DC-89F6-49BC-A3B1-53845A2255CC}.Release|x86.Build.0 = Release|Win32
		{7D602F49-CF54-4998-965B-87887810BD0F}.Debug|x64.ActiveCfg = Debug|x64
		{7D602F49-CF54-4998-965B-87887810BD0F}.Debug|x64.Build.0 = Debug|x64
		{7D602F49-CF54-4998-965B-87887810BD0F}.Debug|x86.ActiveCfg = Debug|Win32
		{7D602F49-CF54-4998-965B-87887810BD0F}.Debug|x86.Build.0 = Debug|Win32
		{7D602F49-CF54-4998-965B-87887810BD0F}.Release|x64.ActiveCfg = Release|x64
		{7D602F49-CF54-4998-965B-87887810BD0F}.Release|x64.Build.0 = Release|x64
		{7D602F49-CF54-4998-965B-87887810BD0F}.Release|x86.ActiveCfg = Release|Win32
		{7D602F49-CF54-4998-965B-87887810BD0F}.Release|x86.Build.0 = Release|Win32
		{40CAEA17-7253-4FBF-B3F4-1C962F011E1B}.Debug|x64.ActiveCfg = Debug|x64
		{40CAEA17-7253-4FBF-B3F4-1C962F011E1B}.Debug|x64.Build.0 = Debug|x64
		{40CAEA17-7253-4FBF-B3F4-1C962F011E1B}.Debug|x86.ActiveCfg = Debug|Win32
		{40CAEA17-7253-4FBF-B3F4-1C962F011E1B}.Debug|x86.Build.0 = Debug|Win32
		{40CAEA17-7253-4FBF-B3F4-1C962F011E1B}.Release|x64.ActiveCfg = Release|x64
		{40CAEA17-7253-4FBF-B3F4-1C962F011E1B}.Release|x64.Build.0 = Release|x64
		{40CAEA17-7253-4FBF-B3F4-1C962F011E1B}.Release|x86.ActiveCfg = Release|Win32
		{40CAEA17-7253-4FBF-B3F4-1C962F011E1B}.Release|x86.Build.0 = Release|Win32
		{46F613A8-05A5-403E-B049-EEC2176468EA}.Debug|x64.ActiveCfg = Debug|x64
		{46F613A8-05A5-403E-B049-EEC2176468EA}.Debug|x64.Build.0 = Debug|x64
		{46F613A8-05A5-403E-B049-EEC2176468EA}.Debug|x86.ActiveCfg = Debug|Win32
		{46F613A8-05A5-403E-B049-EEC2176468EA}.Debug|x86.Build.0 = Debug|Win32
		{46F613A8-05A5-403E-B049-EEC2176468EA}.Release|x64.ActiveCfg = Release|x64
		{46F613A8-05A5-403E-B049-EEC2176468EA}.Release|x64.Build.0 = Release|x64
		{46F613A8-05A5-403E-B049-EEC2176468EA}.Release|x86.ActiveCfg = Release|Win32
		{46F613A8-05A5-403E-B049-EEC2176468EA}.Release|x86.Build.0 = Release|Win32
		{D109EDE8-9DF3-44BE-8B5E-8D30FA30CB88}.Debug|x64.ActiveCfg = Debug|x64
		{D109EDE8-9DF3-44BE-8B5E-8D30FA30CB88}.Debug|x64.Build.0 = Debug|x64
		{D109EDE8-9DF3-44BE-8B5E-8D30FA30CB88}.Debug|x86.ActiveCfg = Debug|Win32
		{D109EDE8-9DF3-44BE-8B5E-8D30FA30CB88}.Debug|x86.Build.0 = Debug|Win32
		{D109EDE8-9DF3-44BE-8B5E-8D30FA30CB88}.Release|x64.ActiveCfg = Release|x64
		{D109EDE8-9DF3-44BE-8B5E-8D30FA30CB88}.Release|x64.Build.0 = Release|x64
		{D109EDE8-9DF3-44BE-8B5E-8D30FA30CB88}.Release|x86.ActiveCfg = Release|Win32
		{D109EDE8-9DF3-44BE-8B5E-8D30FA30CB88}.Release|x86.Build.0 = Release|Win32
		{EFFC8F3C-3AAA-433F-A89E-36A036FEF1AA}.Debug|x64.ActiveCfg = Debug|x64
		{EFFC8F3C-3AAA-433F-A89E-36A036FEF1AA}.Debug|x64.Build.0 = Debug|x64
		{EFFC8F3C-3AAA-433F-A89E-36A036FEF1AA}.Debug|x86.ActiveCfg = Debug|Win32
		{EFFC8F3C-3AAA-433F-A89E-36A036FEF1AA}.Debug|x86.Build.0 = Debug|Win32
		{EFFC8F3C-3AAA-433F-A89E-36A036FEF1AA}.Release|x64.ActiveCfg = Release|x64
		{EFFC8F3C-3AAA-433F-A89E-36A036FEF1AA}.Release|x64.Build.0 = Release|x64
		{EFFC8F3C-3AAA-433F-A89E-36A036FEF1AA}.Release|x86.ActiveCfg = Release|Win32
		{EFFC8F3C-3AAA-433F-A89E-36A036FEF1AA}.Release|x86.Build.0 = Release|Win32
		{31C88151-E910-4B08-9531-C3A039FB865C}.Debug|x64.ActiveCfg = Debug|x64
		{31C88151-E910-4B08-9531-C3A039FB865C}.Debug|x64.Build.0 = Debug|x64
		{31C88151-E910-4B08-9531-C3A039FB865C}.Debug|x86.ActiveCfg = Debug|Win32
		{31C88151-E910-4B08-9531-C3A039FB865C}.Debug|x86.Build.0 = Debug|Win32
		{31C88151-E910-4B08-9531-C3A039FB865C}.Release|x64.ActiveCfg = Release|x64
		{31C88151-E910-4B08-9531-C3A039FB865C}.Release|x64.Build.0 = Release|x64
		{31C88151-E910-4B08-9531-C3A039FB865C}.Release|x86.ActiveCfg = Release|Win32
		{31C88151-E910-4B08-9531-C3A039FB865C}.Release|x86.Build.0 = Release|Win32
		{36D5A35C-752A-46D3-8420-02CC5863E9A4}.Debug|x64.ActiveCfg = Debug|x64
		{36D5A35C-752A-46D3-8420-02CC5863E9A4}.Debug|x64.Build.0 = Debug|x64
		{36D5A35C-752A-46D3-8420-02CC5863E9A4}.Debug|x86.ActiveCfg = Debug|Win32
		{36D5A35C-752A-46D3-8420-02CC5863E9A4}.Debug|x86.Build.0 = Debug|Win32
		{36D5A35C-752A-46D3-8420-02CC5863E9A4}.Release|x64.ActiveCfg = Release|x64
		{36D5A35C-752A-46D3-8420-02CC5863E9A4}.Release|x64.Build.0 = Release|x64
		{36D5A35C-752A-46D3-8420-02CC5863E9A4}.Release|x86.ActiveCfg = Release|Win32
		{36D5A35C-752A-46D3-8420-02CC5863E9A4}.Release|x86.Build.0 = Release|Win32
	EndGlobalSection
	GlobalSection(SolutionProperties) = preSolution
		HideSolutionNode = FALSE
	EndGlobalSection
	GlobalSection(ExtensibilityGlobals) = postSolution
		SolutionGuid = {6DAA4F10-197F-4FF8-94CE-EBD9B9920626}
	EndGlobalSection
EndGlobal
